
Microsoft Visual Studio Solution File, Format Version 12.00
# Visual Studio Version 17
VisualStudioVersion = 17.7.34202.233
MinimumVisualStudioVersion = 10.0.40219.1
Project("{9A19103F-16F7-4668-BE54-9A1E7A4F7556}") = "Business", "Business\Business.csproj", "{F9CEF303-C073-4BCD-8D3E-6A38C32711F4}"
EndProject
Project("{9A19103F-16F7-4668-BE54-9A1E7A4F7556}") = "DataAccess", "DataAccess\DataAccess.csproj", "{FB4D3FE1-55B8-4327-A239-41A7B06A720F}"
EndProject
Project("{9A19103F-16F7-4668-BE54-9A1E7A4F7556}") = "Entities", "Entities\Entities.csproj", "{CE06A503-FE91-4A37-9D93-D05BB6C9D460}"
EndProject
Project("{9A19103F-16F7-4668-BE54-9A1E7A4F7556}") = "Core", "Core\Core.csproj", "{1971F8EA-ADC7-4511-A8B3-CBB44A5C0C75}"
EndProject
Project("{9A19103F-16F7-4668-BE54-9A1E7A4F7556}") = "WebUI", "WebUI\WebUI.csproj", "{A2787867-F772-469C-8DCC-B51546A87CDC}"
EndProject
Global
	GlobalSection(SolutionConfigurationPlatforms) = preSolution
		Debug|Any CPU = Debug|Any CPU
		Release|Any CPU = Release|Any CPU
	EndGlobalSection
	GlobalSection(ProjectConfigurationPlatforms) = postSolution
		{F9CEF303-C073-4BCD-8D3E-6A38C32711F4}.Debug|Any CPU.ActiveCfg = Debug|Any CPU
		{F9CEF303-C073-4BCD-8D3E-6A38C32711F4}.Debug|Any CPU.Build.0 = Debug|Any CPU
		{F9CEF303-C073-4BCD-8D3E-6A38C32711F4}.Release|Any CPU.ActiveCfg = Release|Any CPU
		{F9CEF303-C073-4BCD-8D3E-6A38C32711F4}.Release|Any CPU.Build.0 = Release|Any CPU
		{FB4D3FE1-55B8-4327-A239-41A7B06A720F}.Debug|Any CPU.ActiveCfg = Debug|Any CPU
		{FB4D3FE1-55B8-4327-A239-41A7B06A720F}.Debug|Any CPU.Build.0 = Debug|Any CPU
		{FB4D3FE1-55B8-4327-A239-41A7B06A720F}.Release|Any CPU.ActiveCfg = Release|Any CPU
		{FB4D3FE1-55B8-4327-A239-41A7B06A720F}.Release|Any CPU.Build.0 = Release|Any CPU
		{CE06A503-FE91-4A37-9D93-D05BB6C9D460}.Debug|Any CPU.ActiveCfg = Debug|Any CPU
		{CE06A503-FE91-4A37-9D93-D05BB6C9D460}.Debug|Any CPU.Build.0 = Debug|Any CPU
		{CE06A503-FE91-4A37-9D93-D05BB6C9D460}.Release|Any CPU.ActiveCfg = Release|Any CPU
		{CE06A503-FE91-4A37-9D93-D05BB6C9D460}.Release|Any CPU.Build.0 = Release|Any CPU
		{1971F8EA-ADC7-4511-A8B3-CBB44A5C0C75}.Debug|Any CPU.ActiveCfg = Debug|Any CPU
		{1971F8EA-ADC7-4511-A8B3-CBB44A5C0C75}.Debug|Any CPU.Build.0 = Debug|Any CPU
		{1971F8EA-ADC7-4511-A8B3-CBB44A5C0C75}.Release|Any CPU.ActiveCfg = Release|Any CPU
		{1971F8EA-ADC7-4511-A8B3-CBB44A5C0C75}.Release|Any CPU.Build.0 = Release|Any CPU
		{A2787867-F772-469C-8DCC-B51546A87CDC}.Debug|Any CPU.ActiveCfg = Debug|Any CPU
		{A2787867-F772-469C-8DCC-B51546A87CDC}.Debug|Any CPU.Build.0 = Debug|Any CPU
		{A2787867-F772-469C-8DCC-B51546A87CDC}.Release|Any CPU.ActiveCfg = Release|Any CPU
		{A2787867-F772-469C-8DCC-B51546A87CDC}.Release|Any CPU.Build.0 = Release|Any CPU
	EndGlobalSection
	GlobalSection(SolutionProperties) = preSolution
		HideSolutionNode = FALSE
	EndGlobalSection
	GlobalSection(ExtensibilityGlobals) = postSolution
		SolutionGuid = {E51478CD-9307-4B8E-903F-B045699D6A95}
	EndGlobalSection
EndGlobal
